
Microsoft Visual Studio Solution File, Format Version 12.00
# Visual Studio Version 17
VisualStudioVersion = 17.9.34607.119
MinimumVisualStudioVersion = 10.0.40219.1
Project("{FAE04EC0-301F-11D3-BF4B-00C04F79EFBC}") = "BlazorApp", "BlazorApp\BlazorApp\BlazorApp.csproj", "{3FCC1409-00BC-4190-AAB7-6D72356D85EF}"
EndProject
Project("{FAE04EC0-301F-11D3-BF4B-00C04F79EFBC}") = "BlazorApp.Client", "BlazorApp\BlazorApp.Client\BlazorApp.Client.csproj", "{7BB1FC5B-5234-4BCA-A43D-770995ED573B}"
EndProject
Project("{FAE04EC0-301F-11D3-BF4B-00C04F79EFBC}") = "BlazorApp.Lib", "BlazorApp.Lib\BlazorApp.Lib.csproj", "{154EFF59-74D7-4F4D-82F4-3510A0C23A67}"
EndProject
Global
	GlobalSection(SolutionConfigurationPlatforms) = preSolution
		Debug|Any CPU = Debug|Any CPU
		Release|Any CPU = Release|Any CPU
	EndGlobalSection
	GlobalSection(ProjectConfigurationPlatforms) = postSolution
		{3FCC1409-00BC-4190-AAB7-6D72356D85EF}.Debug|Any CPU.ActiveCfg = Debug|Any CPU
		{3FCC1409-00BC-4190-AAB7-6D72356D85EF}.Debug|Any CPU.Build.0 = Debug|Any CPU
		{3FCC1409-00BC-4190-AAB7-6D72356D85EF}.Release|Any CPU.ActiveCfg = Release|Any CPU
		{3FCC1409-00BC-4190-AAB7-6D72356D85EF}.Release|Any CPU.Build.0 = Release|Any CPU
		{7BB1FC5B-5234-4BCA-A43D-770995ED573B}.Debug|Any CPU.ActiveCfg = Debug|Any CPU
		{7BB1FC5B-5234-4BCA-A43D-770995ED573B}.Debug|Any CPU.Build.0 = Debug|Any CPU
		{7BB1FC5B-5234-4BCA-A43D-770995ED573B}.Release|Any CPU.ActiveCfg = Release|Any CPU
		{7BB1FC5B-5234-4BCA-A43D-770995ED573B}.Release|Any CPU.Build.0 = Release|Any CPU
		{154EFF59-74D7-4F4D-82F4-3510A0C23A67}.Debug|Any CPU.ActiveCfg = Debug|Any CPU
		{154EFF59-74D7-4F4D-82F4-3510A0C23A67}.Debug|Any CPU.Build.0 = Debug|Any CPU
		{154EFF59-74D7-4F4D-82F4-3510A0C23A67}.Release|Any CPU.ActiveCfg = Release|Any CPU
		{154EFF59-74D7-4F4D-82F4-3510A0C23A67}.Release|Any CPU.Build.0 = Release|Any CPU
	EndGlobalSection
	GlobalSection(SolutionProperties) = preSolution
		HideSolutionNode = FALSE
	EndGlobalSection
	GlobalSection(ExtensibilityGlobals) = postSolution
		SolutionGuid = {7ABF7600-4792-4ECA-9E26-AF46001A1EBA}
	EndGlobalSection
EndGlobal
